
Microsoft Visual Studio Solution File, Format Version 12.00
# Visual Studio Version 17
VisualStudioVersion = 17.0.32014.148
MinimumVisualStudioVersion = 10.0.40219.1
Project("{FAE04EC0-301F-11D3-BF4B-00C04F79EFBC}") = "IDFproject", "IDFproject.csproj", "{EE943267-C373-41B5-A376-3BA9F1AA59E9}"
EndProject
Global
	GlobalSection(SolutionConfigurationPlatforms) = preSolution
		Debug|Any CPU = Debug|Any CPU
		Release|Any CPU = Release|Any CPU
	EndGlobalSection
	GlobalSection(ProjectConfigurationPlatforms) = postSolution
		{EE943267-C373-41B5-A376-3BA9F1AA59E9}.Debug|Any CPU.ActiveCfg = Debug|Any CPU
		{EE943267-C373-41B5-A376-3BA9F1AA59E9}.Debug|Any CPU.Build.0 = Debug|Any CPU
		{EE943267-C373-41B5-A376-3BA9F1AA59E9}.Release|Any CPU.ActiveCfg = Release|Any CPU
		{EE943267-C373-41B5-A376-3BA9F1AA59E9}.Release|Any CPU.Build.0 = Release|Any CPU
	EndGlobalSection
	GlobalSection(SolutionProperties) = preSolution
		HideSolutionNode = FALSE
	EndGlobalSection
	GlobalSection(ExtensibilityGlobals) = postSolution
		SolutionGuid = {6D43F0EA-4B43-46EE-B956-BF083CBF9783}
	EndGlobalSection
EndGlobal
